
Microsoft Visual Studio Solution File, Format Version 12.00
# Visual Studio Version 17
VisualStudioVersion = 17.0.31919.166
MinimumVisualStudioVersion = 10.0.40219.1
Project("{2150E333-8FDC-42A3-9474-1A3956D46DE8}") = "0 - Data", "0 - Data", "{0DAFB03E-4400-4291-A5A7-F63B89328F54}"
EndProject
Project("{2150E333-8FDC-42A3-9474-1A3956D46DE8}") = "1 - Domain", "1 - Domain", "{55BDDD53-4F3D-40F9-B0F9-112BAE4A4698}"
EndProject
Project("{2150E333-8FDC-42A3-9474-1A3956D46DE8}") = "2 - Infrastructure", "2 - Infrastructure", "{0DE933E1-07F9-479B-AF24-703193912153}"
EndProject
Project("{9A19103F-16F7-4668-BE54-9A1E7A4F7556}") = "JaVisitei.Brasil.Security", "src\JaVisitei.Brasil.Security\JaVisitei.Brasil.Security.csproj", "{C462EAAF-931E-45D3-AEA4-78689EC27DCB}"
EndProject
Project("{9A19103F-16F7-4668-BE54-9A1E7A4F7556}") = "JaVisitei.Brasil.Service", "src\JaVisitei.Brasil.Business.Services\JaVisitei.Brasil.Service.csproj", "{D203DB9C-47CE-4307-8F59-B9257F6495D8}"
EndProject
Project("{9A19103F-16F7-4668-BE54-9A1E7A4F7556}") = "JaVisitei.Brasil.Data", "src\JaVisitei.Brasil.Data\JaVisitei.Brasil.Data.csproj", "{C87CBC5C-018F-41AC-8FFA-0C2040770F0D}"
EndProject
Project("{9A19103F-16F7-4668-BE54-9A1E7A4F7556}") = "JaVisitei.Brasil.Data.Repository", "src\JaVisitei.Brasil.Data.Repository\JaVisitei.Brasil.Data.Repository.csproj", "{B5AAC1FB-6002-4752-8535-FCF7087B9DCE}"
EndProject
Project("{9A19103F-16F7-4668-BE54-9A1E7A4F7556}") = "JaVisitei.Brasil.Helper", "src\JaVisitei.Brasil.Helper\JaVisitei.Brasil.Helper.csproj", "{3F1B4186-C6FB-4AEF-8B48-6D5F1795F03B}"
EndProject
Project("{9A19103F-16F7-4668-BE54-9A1E7A4F7556}") = "JaVisitei.Brasil.Business", "src\JaVisitei.Brasil.Business\JaVisitei.Brasil.Business.csproj", "{4F7316F8-C11B-4CB0-967F-A35B993B96DD}"
EndProject
Project("{9A19103F-16F7-4668-BE54-9A1E7A4F7556}") = "JaVisitei.Brasil.Model", "src\JaVisitei.Brasil.Model\JaVisitei.Brasil.Model.csproj", "{6B32998F-5BE7-44EE-8FEA-F6FE49B7DD8C}"
EndProject
Project("{2150E333-8FDC-42A3-9474-1A3956D46DE8}") = "3 - Nuget", "3 - Nuget", "{84AB103A-830B-4EBC-80A9-F3F1F26C91D1}"
EndProject
Project("{2150E333-8FDC-42A3-9474-1A3956D46DE8}") = "4 - Test", "4 - Test", "{509245FF-9A39-4F8D-9D4C-D72AE0521AD7}"
EndProject
Project("{9A19103F-16F7-4668-BE54-9A1E7A4F7556}") = "JaVisitei.Brasil.Test", "src\JaVisitei.Brasil.Test\JaVisitei.Brasil.Test.csproj", "{8BD2C008-502C-4372-87FC-A95017E9D01A}"
EndProject
Project("{9A19103F-16F7-4668-BE54-9A1E7A4F7556}") = "JaVisitei.Brasil.Nuget", "src\JaVisitei.Brasil.Nuget\JaVisitei.Brasil.Nuget.csproj", "{92A27757-A545-4B99-AF0C-FEBB2D297346}"
EndProject
Global
	GlobalSection(SolutionConfigurationPlatforms) = preSolution
		Debug|Any CPU = Debug|Any CPU
		Release|Any CPU = Release|Any CPU
	EndGlobalSection
	GlobalSection(ProjectConfigurationPlatforms) = postSolution
		{C462EAAF-931E-45D3-AEA4-78689EC27DCB}.Debug|Any CPU.ActiveCfg = Debug|Any CPU
		{C462EAAF-931E-45D3-AEA4-78689EC27DCB}.Debug|Any CPU.Build.0 = Debug|Any CPU
		{C462EAAF-931E-45D3-AEA4-78689EC27DCB}.Release|Any CPU.ActiveCfg = Release|Any CPU
		{C462EAAF-931E-45D3-AEA4-78689EC27DCB}.Release|Any CPU.Build.0 = Release|Any CPU
		{D203DB9C-47CE-4307-8F59-B9257F6495D8}.Debug|Any CPU.ActiveCfg = Debug|Any CPU
		{D203DB9C-47CE-4307-8F59-B9257F6495D8}.Debug|Any CPU.Build.0 = Debug|Any CPU
		{D203DB9C-47CE-4307-8F59-B9257F6495D8}.Release|Any CPU.ActiveCfg = Release|Any CPU
		{D203DB9C-47CE-4307-8F59-B9257F6495D8}.Release|Any CPU.Build.0 = Release|Any CPU
		{C87CBC5C-018F-41AC-8FFA-0C2040770F0D}.Debug|Any CPU.ActiveCfg = Debug|Any CPU
		{C87CBC5C-018F-41AC-8FFA-0C2040770F0D}.Debug|Any CPU.Build.0 = Debug|Any CPU
		{C87CBC5C-018F-41AC-8FFA-0C2040770F0D}.Release|Any CPU.ActiveCfg = Release|Any CPU
		{C87CBC5C-018F-41AC-8FFA-0C2040770F0D}.Release|Any CPU.Build.0 = Release|Any CPU
		{B5AAC1FB-6002-4752-8535-FCF7087B9DCE}.Debug|Any CPU.ActiveCfg = Debug|Any CPU
		{B5AAC1FB-6002-4752-8535-FCF7087B9DCE}.Debug|Any CPU.Build.0 = Debug|Any CPU
		{B5AAC1FB-6002-4752-8535-FCF7087B9DCE}.Release|Any CPU.ActiveCfg = Release|Any CPU
		{B5AAC1FB-6002-4752-8535-FCF7087B9DCE}.Release|Any CPU.Build.0 = Release|Any CPU
		{3F1B4186-C6FB-4AEF-8B48-6D5F1795F03B}.Debug|Any CPU.ActiveCfg = Debug|Any CPU
		{3F1B4186-C6FB-4AEF-8B48-6D5F1795F03B}.Debug|Any CPU.Build.0 = Debug|Any CPU
		{3F1B4186-C6FB-4AEF-8B48-6D5F1795F03B}.Release|Any CPU.ActiveCfg = Release|Any CPU
		{3F1B4186-C6FB-4AEF-8B48-6D5F1795F03B}.Release|Any CPU.Build.0 = Release|Any CPU
		{4F7316F8-C11B-4CB0-967F-A35B993B96DD}.Debug|Any CPU.ActiveCfg = Debug|Any CPU
		{4F7316F8-C11B-4CB0-967F-A35B993B96DD}.Debug|Any CPU.Build.0 = Debug|Any CPU
		{4F7316F8-C11B-4CB0-967F-A35B993B96DD}.Release|Any CPU.ActiveCfg = Release|Any CPU
		{4F7316F8-C11B-4CB0-967F-A35B993B96DD}.Release|Any CPU.Build.0 = Release|Any CPU
		{6B32998F-5BE7-44EE-8FEA-F6FE49B7DD8C}.Debug|Any CPU.ActiveCfg = Debug|Any CPU
		{6B32998F-5BE7-44EE-8FEA-F6FE49B7DD8C}.Debug|Any CPU.Build.0 = Debug|Any CPU
		{6B32998F-5BE7-44EE-8FEA-F6FE49B7DD8C}.Release|Any CPU.ActiveCfg = Release|Any CPU
		{6B32998F-5BE7-44EE-8FEA-F6FE49B7DD8C}.Release|Any CPU.Build.0 = Release|Any CPU
		{8BD2C008-502C-4372-87FC-A95017E9D01A}.Debug|Any CPU.ActiveCfg = Debug|Any CPU
		{8BD2C008-502C-4372-87FC-A95017E9D01A}.Debug|Any CPU.Build.0 = Debug|Any CPU
		{8BD2C008-502C-4372-87FC-A95017E9D01A}.Release|Any CPU.ActiveCfg = Release|Any CPU
		{8BD2C008-502C-4372-87FC-A95017E9D01A}.Release|Any CPU.Build.0 = Release|Any CPU
		{92A27757-A545-4B99-AF0C-FEBB2D297346}.Debug|Any CPU.ActiveCfg = Debug|Any CPU
		{92A27757-A545-4B99-AF0C-FEBB2D297346}.Debug|Any CPU.Build.0 = Debug|Any CPU
		{92A27757-A545-4B99-AF0C-FEBB2D297346}.Release|Any CPU.ActiveCfg = Release|Any CPU
		{92A27757-A545-4B99-AF0C-FEBB2D297346}.Release|Any CPU.Build.0 = Release|Any CPU
	EndGlobalSection
	GlobalSection(SolutionProperties) = preSolution
		HideSolutionNode = FALSE
	EndGlobalSection
	GlobalSection(NestedProjects) = preSolution
		{C462EAAF-931E-45D3-AEA4-78689EC27DCB} = {0DE933E1-07F9-479B-AF24-703193912153}
		{D203DB9C-47CE-4307-8F59-B9257F6495D8} = {55BDDD53-4F3D-40F9-B0F9-112BAE4A4698}
		{C87CBC5C-018F-41AC-8FFA-0C2040770F0D} = {0DAFB03E-4400-4291-A5A7-F63B89328F54}
		{B5AAC1FB-6002-4752-8535-FCF7087B9DCE} = {0DAFB03E-4400-4291-A5A7-F63B89328F54}
		{3F1B4186-C6FB-4AEF-8B48-6D5F1795F03B} = {0DE933E1-07F9-479B-AF24-703193912153}
		{4F7316F8-C11B-4CB0-967F-A35B993B96DD} = {55BDDD53-4F3D-40F9-B0F9-112BAE4A4698}
		{6B32998F-5BE7-44EE-8FEA-F6FE49B7DD8C} = {0DAFB03E-4400-4291-A5A7-F63B89328F54}
		{8BD2C008-502C-4372-87FC-A95017E9D01A} = {509245FF-9A39-4F8D-9D4C-D72AE0521AD7}
		{92A27757-A545-4B99-AF0C-FEBB2D297346} = {84AB103A-830B-4EBC-80A9-F3F1F26C91D1}
	EndGlobalSection
	GlobalSection(ExtensibilityGlobals) = postSolution
		SolutionGuid = {1A9C053D-9786-4D01-8ED7-3E89720211E9}
	EndGlobalSection
EndGlobal
