
Microsoft Visual Studio Solution File, Format Version 12.00
# Visual Studio Version 17
VisualStudioVersion = 17.0.31919.166
MinimumVisualStudioVersion = 10.0.40219.1
Project("{2150E333-8FDC-42A3-9474-1A3956D46DE8}") = "0 - Data", "0 - Data", "{0DAFB03E-4400-4291-A5A7-F63B89328F54}"
EndProject
Project("{2150E333-8FDC-42A3-9474-1A3956D46DE8}") = "1 - Domain", "1 - Domain", "{55BDDD53-4F3D-40F9-B0F9-112BAE4A4698}"
EndProject
Project("{2150E333-8FDC-42A3-9474-1A3956D46DE8}") = "2 - Infrastructure", "2 - Infrastructure", "{0DE933E1-07F9-479B-AF24-703193912153}"
EndProject
Project("{2150E333-8FDC-42A3-9474-1A3956D46DE8}") = "3 - Nuget", "3 - Nuget", "{84AB103A-830B-4EBC-80A9-F3F1F26C91D1}"
EndProject
Project("{2150E333-8FDC-42A3-9474-1A3956D46DE8}") = "4 - Test", "4 - Test", "{509245FF-9A39-4F8D-9D4C-D72AE0521AD7}"
EndProject
Project("{9A19103F-16F7-4668-BE54-9A1E7A4F7556}") = "JaVisitei.Brasil.Data", "JaVisitei.Brasil.Data\JaVisitei.Brasil.Data.csproj", "{0F866F21-EB0F-4CFE-80D5-F9C049D225AF}"
EndProject
Project("{9A19103F-16F7-4668-BE54-9A1E7A4F7556}") = "JaVisitei.Brasil.Data.Repository", "JaVisitei.Brasil.Data.Repository\JaVisitei.Brasil.Data.Repository.csproj", "{66D7A13A-A664-4B24-BF67-21239A1E063B}"
EndProject
Project("{9A19103F-16F7-4668-BE54-9A1E7A4F7556}") = "JaVisitei.Brasil.Business", "JaVisitei.Brasil.Business\JaVisitei.Brasil.Business.csproj", "{33543E6D-09EA-4989-B5E7-CE03245570B6}"
EndProject
Project("{9A19103F-16F7-4668-BE54-9A1E7A4F7556}") = "JaVisitei.Brasil.Service", "JaVisitei.Brasil.Business.Services\JaVisitei.Brasil.Service.csproj", "{48D226CE-8477-478F-A6B9-220F2DD205D9}"
EndProject
Project("{9A19103F-16F7-4668-BE54-9A1E7A4F7556}") = "JaVisitei.Brasil.Helper", "JaVisitei.Brasil.Helper\JaVisitei.Brasil.Helper.csproj", "{D9E97E9B-A53F-423A-B620-0C5E39479E0D}"
EndProject
Project("{9A19103F-16F7-4668-BE54-9A1E7A4F7556}") = "JaVisitei.Brasil.Security", "JaVisitei.Brasil.Security\JaVisitei.Brasil.Security.csproj", "{99723250-BE67-470D-8D0A-CB502F1C3245}"
EndProject
Project("{9A19103F-16F7-4668-BE54-9A1E7A4F7556}") = "JaVisitei.Brasil.Nuget", "JaVisitei.Brasil.Nuget\JaVisitei.Brasil.Nuget.csproj", "{D80994BE-D4B0-4B4E-808D-3E56A620DCBA}"
EndProject
Project("{9A19103F-16F7-4668-BE54-9A1E7A4F7556}") = "JaVisitei.Brasil.Test", "JaVisitei.Brasil.Test\JaVisitei.Brasil.Test.csproj", "{BC52DFE2-C3AA-4A6D-B25B-3A777A1CA76D}"
EndProject
Global
	GlobalSection(SolutionConfigurationPlatforms) = preSolution
		Debug|Any CPU = Debug|Any CPU
		Release|Any CPU = Release|Any CPU
	EndGlobalSection
	GlobalSection(ProjectConfigurationPlatforms) = postSolution
		{0F866F21-EB0F-4CFE-80D5-F9C049D225AF}.Debug|Any CPU.ActiveCfg = Debug|Any CPU
		{0F866F21-EB0F-4CFE-80D5-F9C049D225AF}.Debug|Any CPU.Build.0 = Debug|Any CPU
		{0F866F21-EB0F-4CFE-80D5-F9C049D225AF}.Release|Any CPU.ActiveCfg = Release|Any CPU
		{0F866F21-EB0F-4CFE-80D5-F9C049D225AF}.Release|Any CPU.Build.0 = Release|Any CPU
		{66D7A13A-A664-4B24-BF67-21239A1E063B}.Debug|Any CPU.ActiveCfg = Debug|Any CPU
		{66D7A13A-A664-4B24-BF67-21239A1E063B}.Debug|Any CPU.Build.0 = Debug|Any CPU
		{66D7A13A-A664-4B24-BF67-21239A1E063B}.Release|Any CPU.ActiveCfg = Release|Any CPU
		{66D7A13A-A664-4B24-BF67-21239A1E063B}.Release|Any CPU.Build.0 = Release|Any CPU
		{33543E6D-09EA-4989-B5E7-CE03245570B6}.Debug|Any CPU.ActiveCfg = Debug|Any CPU
		{33543E6D-09EA-4989-B5E7-CE03245570B6}.Debug|Any CPU.Build.0 = Debug|Any CPU
		{33543E6D-09EA-4989-B5E7-CE03245570B6}.Release|Any CPU.ActiveCfg = Release|Any CPU
		{33543E6D-09EA-4989-B5E7-CE03245570B6}.Release|Any CPU.Build.0 = Release|Any CPU
		{48D226CE-8477-478F-A6B9-220F2DD205D9}.Debug|Any CPU.ActiveCfg = Debug|Any CPU
		{48D226CE-8477-478F-A6B9-220F2DD205D9}.Debug|Any CPU.Build.0 = Debug|Any CPU
		{48D226CE-8477-478F-A6B9-220F2DD205D9}.Release|Any CPU.ActiveCfg = Release|Any CPU
		{48D226CE-8477-478F-A6B9-220F2DD205D9}.Release|Any CPU.Build.0 = Release|Any CPU
		{D9E97E9B-A53F-423A-B620-0C5E39479E0D}.Debug|Any CPU.ActiveCfg = Debug|Any CPU
		{D9E97E9B-A53F-423A-B620-0C5E39479E0D}.Debug|Any CPU.Build.0 = Debug|Any CPU
		{D9E97E9B-A53F-423A-B620-0C5E39479E0D}.Release|Any CPU.ActiveCfg = Release|Any CPU
		{D9E97E9B-A53F-423A-B620-0C5E39479E0D}.Release|Any CPU.Build.0 = Release|Any CPU
		{99723250-BE67-470D-8D0A-CB502F1C3245}.Debug|Any CPU.ActiveCfg = Debug|Any CPU
		{99723250-BE67-470D-8D0A-CB502F1C3245}.Debug|Any CPU.Build.0 = Debug|Any CPU
		{99723250-BE67-470D-8D0A-CB502F1C3245}.Release|Any CPU.ActiveCfg = Release|Any CPU
		{99723250-BE67-470D-8D0A-CB502F1C3245}.Release|Any CPU.Build.0 = Release|Any CPU
		{D80994BE-D4B0-4B4E-808D-3E56A620DCBA}.Debug|Any CPU.ActiveCfg = Debug|Any CPU
		{D80994BE-D4B0-4B4E-808D-3E56A620DCBA}.Debug|Any CPU.Build.0 = Debug|Any CPU
		{D80994BE-D4B0-4B4E-808D-3E56A620DCBA}.Release|Any CPU.ActiveCfg = Release|Any CPU
		{D80994BE-D4B0-4B4E-808D-3E56A620DCBA}.Release|Any CPU.Build.0 = Release|Any CPU
		{BC52DFE2-C3AA-4A6D-B25B-3A777A1CA76D}.Debug|Any CPU.ActiveCfg = Debug|Any CPU
		{BC52DFE2-C3AA-4A6D-B25B-3A777A1CA76D}.Debug|Any CPU.Build.0 = Debug|Any CPU
		{BC52DFE2-C3AA-4A6D-B25B-3A777A1CA76D}.Release|Any CPU.ActiveCfg = Release|Any CPU
		{BC52DFE2-C3AA-4A6D-B25B-3A777A1CA76D}.Release|Any CPU.Build.0 = Release|Any CPU
	EndGlobalSection
	GlobalSection(SolutionProperties) = preSolution
		HideSolutionNode = FALSE
	EndGlobalSection
	GlobalSection(NestedProjects) = preSolution
		{0F866F21-EB0F-4CFE-80D5-F9C049D225AF} = {0DAFB03E-4400-4291-A5A7-F63B89328F54}
		{66D7A13A-A664-4B24-BF67-21239A1E063B} = {0DAFB03E-4400-4291-A5A7-F63B89328F54}
		{33543E6D-09EA-4989-B5E7-CE03245570B6} = {55BDDD53-4F3D-40F9-B0F9-112BAE4A4698}
		{48D226CE-8477-478F-A6B9-220F2DD205D9} = {55BDDD53-4F3D-40F9-B0F9-112BAE4A4698}
		{D9E97E9B-A53F-423A-B620-0C5E39479E0D} = {0DE933E1-07F9-479B-AF24-703193912153}
		{99723250-BE67-470D-8D0A-CB502F1C3245} = {0DE933E1-07F9-479B-AF24-703193912153}
		{D80994BE-D4B0-4B4E-808D-3E56A620DCBA} = {84AB103A-830B-4EBC-80A9-F3F1F26C91D1}
		{BC52DFE2-C3AA-4A6D-B25B-3A777A1CA76D} = {509245FF-9A39-4F8D-9D4C-D72AE0521AD7}
	EndGlobalSection
	GlobalSection(ExtensibilityGlobals) = postSolution
		SolutionGuid = {1A9C053D-9786-4D01-8ED7-3E89720211E9}
	EndGlobalSection
EndGlobal
